
Microsoft Visual Studio Solution File, Format Version 12.00
# Visual Studio Version 16
VisualStudioVersion = 16.0.34407.143
MinimumVisualStudioVersion = 10.0.40219.1
Project("{FAE04EC0-301F-11D3-BF4B-00C04F79EFBC}") = "Tools.Simple.zhong", "Tools.Simple.zhong.csproj", "{7B6027F7-F57D-4B72-A77D-D81472AA21C4}"
EndProject
Global
	GlobalSection(SolutionConfigurationPlatforms) = preSolution
		Debug|Any CPU = Debug|Any CPU
		Release|Any CPU = Release|Any CPU
	EndGlobalSection
	GlobalSection(ProjectConfigurationPlatforms) = postSolution
		{7B6027F7-F57D-4B72-A77D-D81472AA21C4}.Debug|Any CPU.ActiveCfg = Debug|Any CPU
		{7B6027F7-F57D-4B72-A77D-D81472AA21C4}.Debug|Any CPU.Build.0 = Debug|Any CPU
		{7B6027F7-F57D-4B72-A77D-D81472AA21C4}.Release|Any CPU.ActiveCfg = Release|Any CPU
		{7B6027F7-F57D-4B72-A77D-D81472AA21C4}.Release|Any CPU.Build.0 = Release|Any CPU
	EndGlobalSection
	GlobalSection(SolutionProperties) = preSolution
		HideSolutionNode = FALSE
	EndGlobalSection
	GlobalSection(ExtensibilityGlobals) = postSolution
		SolutionGuid = {55951107-E06A-4769-81EE-DF9881253FB5}
	EndGlobalSection
EndGlobal
